
Microsoft Visual Studio Solution File, Format Version 12.00
# Visual Studio Version 16
VisualStudioVersion = 16.0.30413.136
MinimumVisualStudioVersion = 10.0.40219.1
Project("{F184B08F-C81C-45F6-A57F-5ABD9991F28F}") = "Absensi_siswa", "Absensi_siswa.vbproj", "{E7728658-BE29-47E5-9DE7-6FDC2660B141}"
EndProject
Global
	GlobalSection(SolutionConfigurationPlatforms) = preSolution
		Debug|Any CPU = Debug|Any CPU
		Release|Any CPU = Release|Any CPU
	EndGlobalSection
	GlobalSection(ProjectConfigurationPlatforms) = postSolution
		{E7728658-BE29-47E5-9DE7-6FDC2660B141}.Debug|Any CPU.ActiveCfg = Debug|Any CPU
		{E7728658-BE29-47E5-9DE7-6FDC2660B141}.Debug|Any CPU.Build.0 = Debug|Any CPU
		{E7728658-BE29-47E5-9DE7-6FDC2660B141}.Release|Any CPU.ActiveCfg = Release|Any CPU
		{E7728658-BE29-47E5-9DE7-6FDC2660B141}.Release|Any CPU.Build.0 = Release|Any CPU
	EndGlobalSection
	GlobalSection(SolutionProperties) = preSolution
		HideSolutionNode = FALSE
	EndGlobalSection
	GlobalSection(ExtensibilityGlobals) = postSolution
		SolutionGuid = {60667766-BD4F-48F6-B16F-A5D1D8A9FEF3}
	EndGlobalSection
EndGlobal
